
Microsoft Visual Studio Solution File, Format Version 12.00
# Visual Studio Version 17
VisualStudioVersion = 17.7.34024.191
MinimumVisualStudioVersion = 10.0.40219.1
Project("{FAE04EC0-301F-11D3-BF4B-00C04F79EFBC}") = "sea_battle2.0", "sea_battle2.0\sea_battle2.0.csproj", "{D54C5A14-0171-4979-8209-9C0D9F2854F6}"
EndProject
Global
	GlobalSection(SolutionConfigurationPlatforms) = preSolution
		Debug|Any CPU = Debug|Any CPU
		Release|Any CPU = Release|Any CPU
	EndGlobalSection
	GlobalSection(ProjectConfigurationPlatforms) = postSolution
		{D54C5A14-0171-4979-8209-9C0D9F2854F6}.Debug|Any CPU.ActiveCfg = Debug|Any CPU
		{D54C5A14-0171-4979-8209-9C0D9F2854F6}.Debug|Any CPU.Build.0 = Debug|Any CPU
		{D54C5A14-0171-4979-8209-9C0D9F2854F6}.Release|Any CPU.ActiveCfg = Release|Any CPU
		{D54C5A14-0171-4979-8209-9C0D9F2854F6}.Release|Any CPU.Build.0 = Release|Any CPU
	EndGlobalSection
	GlobalSection(SolutionProperties) = preSolution
		HideSolutionNode = FALSE
	EndGlobalSection
	GlobalSection(ExtensibilityGlobals) = postSolution
		SolutionGuid = {564F2D32-1808-4107-A2EB-5616BC3645AD}
	EndGlobalSection
EndGlobal
